
Microsoft Visual Studio Solution File, Format Version 12.00
# Visual Studio 14
VisualStudioVersion = 14.0.23107.0
MinimumVisualStudioVersion = 10.0.40219.1
Project("{E24C65DC-7377-472B-9ABA-BC803B73C61A}") = "Taramti-Main", "Taramti-Main\", "{CC4D1B17-FF75-4576-AF17-780A95E5566B}"
	ProjectSection(WebsiteProperties) = preProject
		TargetFrameworkMoniker = ".NETFramework,Version%3Dv4.0"
		Debug.AspNetCompiler.VirtualPath = "/localhost_52764"
		Debug.AspNetCompiler.PhysicalPath = "Taramti-Main\"
		Debug.AspNetCompiler.TargetPath = "PrecompiledWeb\localhost_52764\"
		Debug.AspNetCompiler.Updateable = "true"
		Debug.AspNetCompiler.ForceOverwrite = "true"
		Debug.AspNetCompiler.FixedNames = "false"
		Debug.AspNetCompiler.Debug = "True"
		Release.AspNetCompiler.VirtualPath = "/localhost_52764"
		Release.AspNetCompiler.PhysicalPath = "Taramti-Main\"
		Release.AspNetCompiler.TargetPath = "PrecompiledWeb\localhost_52764\"
		Release.AspNetCompiler.Updateable = "true"
		Release.AspNetCompiler.ForceOverwrite = "true"
		Release.AspNetCompiler.FixedNames = "false"
		Release.AspNetCompiler.Debug = "False"
		VWDPort = "52764"
		SlnRelativePath = "Taramti-Main\"
	EndProjectSection
EndProject
Global
	GlobalSection(SolutionConfigurationPlatforms) = preSolution
		Debug|Any CPU = Debug|Any CPU
	EndGlobalSection
	GlobalSection(ProjectConfigurationPlatforms) = postSolution
		{CC4D1B17-FF75-4576-AF17-780A95E5566B}.Debug|Any CPU.ActiveCfg = Debug|Any CPU
		{CC4D1B17-FF75-4576-AF17-780A95E5566B}.Debug|Any CPU.Build.0 = Debug|Any CPU
	EndGlobalSection
	GlobalSection(SolutionProperties) = preSolution
		HideSolutionNode = FALSE
	EndGlobalSection
EndGlobal
